
Microsoft Visual Studio Solution File, Format Version 12.00
# Visual Studio Version 17
VisualStudioVersion = 17.6.33829.357
MinimumVisualStudioVersion = 10.0.40219.1
Project("{FAE04EC0-301F-11D3-BF4B-00C04F79EFBC}") = "RadioButtonHTMLHelperInCoreMvc", "RadioButtonHTMLHelperInCoreMvc\RadioButtonHTMLHelperInCoreMvc.csproj", "{B3455503-CE19-4479-93FE-D0F4BE1340C4}"
EndProject
Global
	GlobalSection(SolutionConfigurationPlatforms) = preSolution
		Debug|Any CPU = Debug|Any CPU
		Release|Any CPU = Release|Any CPU
	EndGlobalSection
	GlobalSection(ProjectConfigurationPlatforms) = postSolution
		{B3455503-CE19-4479-93FE-D0F4BE1340C4}.Debug|Any CPU.ActiveCfg = Debug|Any CPU
		{B3455503-CE19-4479-93FE-D0F4BE1340C4}.Debug|Any CPU.Build.0 = Debug|Any CPU
		{B3455503-CE19-4479-93FE-D0F4BE1340C4}.Release|Any CPU.ActiveCfg = Release|Any CPU
		{B3455503-CE19-4479-93FE-D0F4BE1340C4}.Release|Any CPU.Build.0 = Release|Any CPU
	EndGlobalSection
	GlobalSection(SolutionProperties) = preSolution
		HideSolutionNode = FALSE
	EndGlobalSection
	GlobalSection(ExtensibilityGlobals) = postSolution
		SolutionGuid = {B5BABA88-D465-444D-9A2B-9D8EBF41590F}
	EndGlobalSection
EndGlobal
